// !$*UTF8*$!
{
	archiveVersion = 1;
	classes = {
	};
	objectVersion = 46;
	objects = {

/* Begin PBXBuildFile section */
		C03B76F61CB2045B001D437F /* AppDelegate.swift in Sources */ = {isa = PBXBuildFile; fileRef = C03B76F51CB2045B001D437F /* AppDelegate.swift */; };
		C03B76FB1CB2045B001D437F /* Main.storyboard in Resources */ = {isa = PBXBuildFile; fileRef = C03B76F91CB2045B001D437F /* Main.storyboard */; };
		C03B76FE1CB2045B001D437F /* SimpleCoreData.xcdatamodeld in Sources */ = {isa = PBXBuildFile; fileRef = C03B76FC1CB2045B001D437F /* SimpleCoreData.xcdatamodeld */; };
		C03B77001CB2045B001D437F /* Assets.xcassets in Resources */ = {isa = PBXBuildFile; fileRef = C03B76FF1CB2045B001D437F /* Assets.xcassets */; };
		C03B77031CB2045B001D437F /* LaunchScreen.storyboard in Resources */ = {isa = PBXBuildFile; fileRef = C03B77011CB2045B001D437F /* LaunchScreen.storyboard */; };
		C03B770B1CB20BFC001D437F /* Tasks.swift in Sources */ = {isa = PBXBuildFile; fileRef = C03B770A1CB20BFC001D437F /* Tasks.swift */; };
		C09E18C11CB3588C00DFA473 /* TaskViewController.swift in Sources */ = {isa = PBXBuildFile; fileRef = C09E18C01CB3588C00DFA473 /* TaskViewController.swift */; };
		C09E18C31CB358EE00DFA473 /* TaskTableViewCell.swift in Sources */ = {isa = PBXBuildFile; fileRef = C09E18C21CB358EE00DFA473 /* TaskTableViewCell.swift */; };
/* End PBXBuildFile section */

/* Begin PBXFileReference section */
		C03B76F21CB2045B001D437F /* SimpleCoreData.app */ = {isa = PBXFileReference; explicitFileType = wrapper.application; includeInIndex = 0; path = SimpleCoreData.app; sourceTree = BUILT_PRODUCTS_DIR; };
		C03B76F51CB2045B001D437F /* AppDelegate.swift */ = {isa = PBXFileReference; lastKnownFileType = sourcecode.swift; path = AppDelegate.swift; sourceTree = "<group>"; };
		C03B76FA1CB2045B001D437F /* Base */ = {isa = PBXFileReference; lastKnownFileType = file.storyboard; name = Base; path = Base.lproj/Main.storyboard; sourceTree = "<group>"; };
		C03B76FD1CB2045B001D437F /* SimpleCoreData.xcdatamodel */ = {isa = PBXFileReference; lastKnownFileType = wrapper.xcdatamodel; path = SimpleCoreData.xcdatamodel; sourceTree = "<group>"; };
		C03B76FF1CB2045B001D437F /* Assets.xcassets */ = {isa = PBXFileReference; lastKnownFileType = folder.assetcatalog; path = Assets.xcassets; sourceTree = "<group>"; };
		C03B77021CB2045B001D437F /* Base */ = {isa = PBXFileReference; lastKnownFileType = file.storyboard; name = Base; path = Base.lproj/LaunchScreen.storyboard; sourceTree = "<group>"; };
		C03B77041CB2045B001D437F /* Info.plist */ = {isa = PBXFileReference; lastKnownFileType = text.plist.xml; path = Info.plist; sourceTree = "<group>"; };
		C03B770A1CB20BFC001D437F /* Tasks.swift */ = {isa = PBXFileReference; fileEncoding = 4; lastKnownFileType = sourcecode.swift; path = Tasks.swift; sourceTree = "<group>"; };
		C09E18C01CB3588C00DFA473 /* TaskViewController.swift */ = {isa = PBXFileReference; fileEncoding = 4; lastKnownFileType = sourcecode.swift; path = TaskViewController.swift; sourceTree = "<group>"; };
		C09E18C21CB358EE00DFA473 /* TaskTableViewCell.swift */ = {isa = PBXFileReference; fileEncoding = 4; lastKnownFileType = sourcecode.swift; path = TaskTableViewCell.swift; sourceTree = "<group>"; };
/* End PBXFileReference section */

/* Begin PBXFrameworksBuildPhase section */
		C03B76EF1CB2045B001D437F /* Frameworks */ = {
			isa = PBXFrameworksBuildPhase;
			buildActionMask = 2147483647;
			files = (
			);
			runOnlyForDeploymentPostprocessing = 0;
		};
/* End PBXFrameworksBuildPhase section */

/* Begin PBXGroup section */
		C03B76E91CB2045B001D437F = {
			isa = PBXGroup;
			children = (
				C09E18C21CB358EE00DFA473 /* TaskTableViewCell.swift */,
				C09E18C01CB3588C00DFA473 /* TaskViewController.swift */,
				C03B770A1CB20BFC001D437F /* Tasks.swift */,
				C03B76F41CB2045B001D437F /* SimpleCoreData */,
				C03B76F31CB2045B001D437F /* Products */,
			);
			sourceTree = "<group>";
		};
		C03B76F31CB2045B001D437F /* Products */ = {
			isa = PBXGroup;
			children = (
				C03B76F21CB2045B001D437F /* SimpleCoreData.app */,
			);
			name = Products;
			sourceTree = "<group>";
		};
		C03B76F41CB2045B001D437F /* SimpleCoreData */ = {
			isa = PBXGroup;
			children = (
				C03B76F51CB2045B001D437F /* AppDelegate.swift */,
				C03B76F91CB2045B001D437F /* Main.storyboard */,
				C03B76FF1CB2045B001D437F /* Assets.xcassets */,
				C03B77011CB2045B001D437F /* LaunchScreen.storyboard */,
				C03B77041CB2045B001D437F /* Info.plist */,
				C03B76FC1CB2045B001D437F /* SimpleCoreData.xcdatamodeld */,
			);
			path = SimpleCoreData;
			sourceTree = "<group>";
		};
/* End PBXGroup section */

/* Begin PBXNativeTarget section */
		C03B76F11CB2045B001D437F /* SimpleCoreData */ = {
			isa = PBXNativeTarget;
			buildConfigurationList = C03B77071CB2045B001D437F /* Build configuration list for PBXNativeTarget "SimpleCoreData" */;
			buildPhases = (
				C03B76EE1CB2045B001D437F /* Sources */,
				C03B76EF1CB2045B001D437F /* Frameworks */,
				C03B76F01CB2045B001D437F /* Resources */,
			);
			buildRules = (
			);
			dependencies = (
			);
			name = SimpleCoreData;
			productName = SimpleCoreData;
			productReference = C03B76F21CB2045B001D437F /* SimpleCoreData.app */;
			productType = "com.apple.product-type.application";
		};
/* End PBXNativeTarget section */

/* Begin PBXProject section */
		C03B76EA1CB2045B001D437F /* Project object */ = {
			isa = PBXProject;
			attributes = {
				LastSwiftUpdateCheck = 0730;
				LastUpgradeCheck = 0730;
				ORGANIZATIONNAME = sojiwritescode;
				TargetAttributes = {
					C03B76F11CB2045B001D437F = {
						CreatedOnToolsVersion = 7.3;
					};
				};
			};
			buildConfigurationList = C03B76ED1CB2045B001D437F /* Build configuration list for PBXProject "SimpleCoreData" */;
			compatibilityVersion = "Xcode 3.2";
			developmentRegion = English;
			hasScannedForEncodings = 0;
			knownRegions = (
				en,
				Base,
			);
			mainGroup = C03B76E91CB2045B001D437F;
			productRefGroup = C03B76F31CB2045B001D437F /* Products */;
			projectDirPath = "";
			projectRoot = "";
			targets = (
				C03B76F11CB2045B001D437F /* SimpleCoreData */,
			);
		};
/* End PBXProject section */

/* Begin PBXResourcesBuildPhase section */
		C03B76F01CB2045B001D437F /* Resources */ = {
			isa = PBXResourcesBuildPhase;
			buildActionMask = 2147483647;
			files = (
				C03B77031CB2045B001D437F /* LaunchScreen.storyboard in Resources */,
				C03B77001CB2045B001D437F /* Assets.xcassets in Resources */,
				C03B76FB1CB2045B001D437F /* Main.storyboard in Resources */,
			);
			runOnlyForDeploymentPostprocessing = 0;
		};
/* End PBXResourcesBuildPhase section */

/* Begin PBXSourcesBuildPhase section */
		C03B76EE1CB2045B001D437F /* Sources */ = {
			isa = PBXSourcesBuildPhase;
			buildActionMask = 2147483647;
			files = (
				C09E18C31CB358EE00DFA473 /* TaskTableViewCell.swift in Sources */,
				C03B76FE1CB2045B001D437F /* SimpleCoreData.xcdatamodeld in Sources */,
				C03B770B1CB20BFC001D437F /* Tasks.swift in Sources */,
				C03B76F61CB2045B001D437F /* AppDelegate.swift in Sources */,
				C09E18C11CB3588C00DFA473 /* TaskViewController.swift in Sources */,
			);
			runOnlyForDeploymentPostprocessing = 0;
		};
/* End PBXSourcesBuildPhase section */

/* Begin PBXVariantGroup section */
		C03B76F91CB2045B001D437F /* Main.storyboard */ = {
			isa = PBXVariantGroup;
			children = (
				C03B76FA1CB2045B001D437F /* Base */,
			);
			name = Main.storyboard;
			sourceTree = "<group>";
		};
		C03B77011CB2045B001D437F /* LaunchScreen.storyboard */ = {
			isa = PBXVariantGroup;
			children = (
				C03B77021CB2045B001D437F /* Base */,
			);
			name = LaunchScreen.storyboard;
			sourceTree = "<group>";
		};
/* End PBXVariantGroup section */

/* Begin XCBuildConfiguration section */
		C03B77051CB2045B001D437F /* Debug */ = {
			isa = XCBuildConfiguration;
			buildSettings = {
				ALWAYS_SEARCH_USER_PATHS = NO;
				CLANG_ANALYZER_NONNULL = YES;
				CLANG_CXX_LANGUAGE_STANDARD = "gnu++0x";
				CLANG_CXX_LIBRARY = "libc++";
				CLANG_ENABLE_MODULES = YES;
				CLANG_ENABLE_OBJC_ARC = YES;
				CLANG_WARN_BOOL_CONVERSION = YES;
				CLANG_WARN_CONSTANT_CONVERSION = YES;
				CLANG_WARN_DIRECT_OBJC_ISA_USAGE = YES_ERROR;
				CLANG_WARN_EMPTY_BODY = YES;
				CLANG_WARN_ENUM_CONVERSION = YES;
				CLANG_WARN_INT_CONVERSION = YES;
				CLANG_WARN_OBJC_ROOT_CLASS = YES_ERROR;
				CLANG_WARN_UNREACHABLE_CODE = YES;
				CLANG_WARN__DUPLICATE_METHOD_MATCH = YES;
				"CODE_SIGN_IDENTITY[sdk=iphoneos*]" = "iPhone Developer";
				COPY_PHASE_STRIP = NO;
				DEBUG_INFORMATION_FORMAT = dwarf;
				ENABLE_STRICT_OBJC_MSGSEND = YES;
				ENABLE_TESTABILITY = YES;
				GCC_C_LANGUAGE_STANDARD = gnu99;
				GCC_DYNAMIC_NO_PIC = NO;
				GCC_NO_COMMON_BLOCKS = YES;
				GCC_OPTIMIZATION_LEVEL = 0;
				GCC_PREPROCESSOR_DEFINITIONS = (
					"DEBUG=1",
					"$(inherited)",
				);
				GCC_WARN_64_TO_32_BIT_CONVERSION = YES;
				GCC_WARN_ABOUT_RETURN_TYPE = YES_ERROR;
				GCC_WARN_UNDECLARED_SELECTOR = YES;
				GCC_WARN_UNINITIALIZED_AUTOS = YES_AGGRESSIVE;
				GCC_WARN_UNUSED_FUNCTION = YES;
				GCC_WARN_UNUSED_VARIABLE = YES;
				IPHONEOS_DEPLOYMENT_TARGET = 9.3;
				MTL_ENABLE_DEBUG_INFO = YES;
				ONLY_ACTIVE_ARCH = YES;
				SDKROOT = iphoneos;
				SWIFT_OPTIMIZATION_LEVEL = "-Onone";
				TARGETED_DEVICE_FAMILY = "1,2";
			};
			name = Debug;
		};
		C03B77061CB2045B001D437F /* Release */ = {
			isa = XCBuildConfiguration;
			buildSettings = {
				ALWAYS_SEARCH_USER_PATHS = NO;
				CLANG_ANALYZER_NONNULL = YES;
				CLANG_CXX_LANGUAGE_STANDARD = "gnu++0x";
				CLANG_CXX_LIBRARY = "libc++";
				CLANG_ENABLE_MODULES = YES;
				CLANG_ENABLE_OBJC_ARC = YES;
				CLANG_WARN_BOOL_CONVERSION = YES;
				CLANG_WARN_CONSTANT_CONVERSION = YES;
				CLANG_WARN_DIRECT_OBJC_ISA_USAGE = YES_ERROR;
				CLANG_WARN_EMPTY_BODY = YES;
				CLANG_WARN_ENUM_CONVERSION = YES;
				CLANG_WARN_INT_CONVERSION = YES;
				CLANG_WARN_OBJC_ROOT_CLASS = YES_ERROR;
				CLANG_WARN_UNREACHABLE_CODE = YES;
				CLANG_WARN__DUPLICATE_METHOD_MATCH = YES;
				"CODE_SIGN_IDENTITY[sdk=iphoneos*]" = "iPhone Developer";
				COPY_PHASE_STRIP = NO;
				DEBUG_INFORMATION_FORMAT = "dwarf-with-dsym";
				ENABLE_NS_ASSERTIONS = NO;
				ENABLE_STRICT_OBJC_MSGSEND = YES;
				GCC_C_LANGUAGE_STANDARD = gnu99;
				GCC_NO_COMMON_BLOCKS = YES;
				GCC_WARN_64_TO_32_BIT_CONVERSION = YES;
				GCC_WARN_ABOUT_RETURN_TYPE = YES_ERROR;
				GCC_WARN_UNDECLARED_SELECTOR = YES;
				GCC_WARN_UNINITIALIZED_AUTOS = YES_AGGRESSIVE;
				GCC_WARN_UNUSED_FUNCTION = YES;
				GCC_WARN_UNUSED_VARIABLE = YES;
				IPHONEOS_DEPLOYMENT_TARGET = 9.3;
				MTL_ENABLE_DEBUG_INFO = NO;
				SDKROOT = iphoneos;
				TARGETED_DEVICE_FAMILY = "1,2";
				VALIDATE_PRODUCT = YES;
			};
			name = Release;
		};
		C03B77081CB2045B001D437F /* Debug */ = {
			isa = XCBuildConfiguration;
			buildSettings = {
				ASSETCATALOG_COMPILER_APPICON_NAME = AppIcon;
				INFOPLIST_FILE = SimpleCoreData/Info.plist;
				LD_RUNPATH_SEARCH_PATHS = "$(inherited) @executable_path/Frameworks";
				PRODUCT_BUNDLE_IDENTIFIER = sojiwritescode.SimpleCoreData;
				PRODUCT_NAME = "$(TARGET_NAME)";
			};
			name = Debug;
		};
		C03B77091CB2045B001D437F /* Release */ = {
			isa = XCBuildConfiguration;
			buildSettings = {
				ASSETCATALOG_COMPILER_APPICON_NAME = AppIcon;
				INFOPLIST_FILE = SimpleCoreData/Info.plist;
				LD_RUNPATH_SEARCH_PATHS = "$(inherited) @executable_path/Frameworks";
				PRODUCT_BUNDLE_IDENTIFIER = sojiwritescode.SimpleCoreData;
				PRODUCT_NAME = "$(TARGET_NAME)";
			};
			name = Release;
		};
/* End XCBuildConfiguration section */

/* Begin XCConfigurationList section */
		C03B76ED1CB2045B001D437F /* Build configuration list for PBXProject "SimpleCoreData" */ = {
			isa = XCConfigurationList;
			buildConfigurations = (
				C03B77051CB2045B001D437F /* Debug */,
				C03B77061CB2045B001D437F /* Release */,
			);
			defaultConfigurationIsVisible = 0;
			defaultConfigurationName = Release;
		};
		C03B77071CB2045B001D437F /* Build configuration list for PBXNativeTarget "SimpleCoreData" */ = {
			isa = XCConfigurationList;
			buildConfigurations = (
				C03B77081CB2045B001D437F /* Debug */,
				C03B77091CB2045B001D437F /* Release */,
			);
			defaultConfigurationIsVisible = 0;
			defaultConfigurationName = Release;
		};
/* End XCConfigurationList section */

/* Begin XCVersionGroup section */
		C03B76FC1CB2045B001D437F /* SimpleCoreData.xcdatamodeld */ = {
			isa = XCVersionGroup;
			children = (
				C03B76FD1CB2045B001D437F /* SimpleCoreData.xcdatamodel */,
			);
			currentVersion = C03B76FD1CB2045B001D437F /* SimpleCoreData.xcdatamodel */;
			path = SimpleCoreData.xcdatamodeld;
			sourceTree = "<group>";
			versionGroupType = wrapper.xcdatamodel;
		};
/* End XCVersionGroup section */
	};
	rootObject = C03B76EA1CB2045B001D437F /* Project object */;
}
